// !$*UTF8*$!
{
	archiveVersion = 1;
	classes = {
	};
	objectVersion = 46;
	objects = {

/* Begin PBXBuildFile section */
		11D618641EB16F0900C86A34 /* AppDelegate.swift in Sources */ = {isa = PBXBuildFile; fileRef = 11D618631EB16F0900C86A34 /* AppDelegate.swift */; };
		11D618661EB16F0900C86A34 /* ViewController.swift in Sources */ = {isa = PBXBuildFile; fileRef = 11D618651EB16F0900C86A34 /* ViewController.swift */; };
		11D618691EB16F0900C86A34 /* Main.storyboard in Resources */ = {isa = PBXBuildFile; fileRef = 11D618671EB16F0900C86A34 /* Main.storyboard */; };
		11D6186B1EB16F0900C86A34 /* Assets.xcassets in Resources */ = {isa = PBXBuildFile; fileRef = 11D6186A1EB16F0900C86A34 /* Assets.xcassets */; };
		11D6186E1EB16F0900C86A34 /* LaunchScreen.storyboard in Resources */ = {isa = PBXBuildFile; fileRef = 11D6186C1EB16F0900C86A34 /* LaunchScreen.storyboard */; };
/* End PBXBuildFile section */

/* Begin PBXFileReference section */
		11D618601EB16F0900C86A34 /* digitalScale.app */ = {isa = PBXFileReference; explicitFileType = wrapper.application; includeInIndex = 0; path = digitalScale.app; sourceTree = BUILT_PRODUCTS_DIR; };
		11D618631EB16F0900C86A34 /* AppDelegate.swift */ = {isa = PBXFileReference; lastKnownFileType = sourcecode.swift; path = AppDelegate.swift; sourceTree = "<group>"; };
		11D618651EB16F0900C86A34 /* ViewController.swift */ = {isa = PBXFileReference; lastKnownFileType = sourcecode.swift; path = ViewController.swift; sourceTree = "<group>"; };
		11D618681EB16F0900C86A34 /* Base */ = {isa = PBXFileReference; lastKnownFileType = file.storyboard; name = Base; path = Base.lproj/Main.storyboard; sourceTree = "<group>"; };
		11D6186A1EB16F0900C86A34 /* Assets.xcassets */ = {isa = PBXFileReference; lastKnownFileType = folder.assetcatalog; path = Assets.xcassets; sourceTree = "<group>"; };
		11D6186D1EB16F0900C86A34 /* Base */ = {isa = PBXFileReference; lastKnownFileType = file.storyboard; name = Base; path = Base.lproj/LaunchScreen.storyboard; sourceTree = "<group>"; };
		11D6186F1EB16F0900C86A34 /* Info.plist */ = {isa = PBXFileReference; lastKnownFileType = text.plist.xml; path = Info.plist; sourceTree = "<group>"; };
/* End PBXFileReference section */

/* Begin PBXFrameworksBuildPhase section */
		11D6185D1EB16F0900C86A34 /* Frameworks */ = {
			isa = PBXFrameworksBuildPhase;
			buildActionMask = 2147483647;
			files = (
			);
			runOnlyForDeploymentPostprocessing = 0;
		};
/* End PBXFrameworksBuildPhase section */

/* Begin PBXGroup section */
		11D618571EB16F0900C86A34 = {
			isa = PBXGroup;
			children = (
				11D618621EB16F0900C86A34 /* digitalScale */,
				11D618611EB16F0900C86A34 /* Products */,
			);
			sourceTree = "<group>";
		};
		11D618611EB16F0900C86A34 /* Products */ = {
			isa = PBXGroup;
			children = (
				11D618601EB16F0900C86A34 /* digitalScale.app */,
			);
			name = Products;
			sourceTree = "<group>";
		};
		11D618621EB16F0900C86A34 /* digitalScale */ = {
			isa = PBXGroup;
			children = (
				11D618631EB16F0900C86A34 /* AppDelegate.swift */,
				11D618651EB16F0900C86A34 /* ViewController.swift */,
				11D618671EB16F0900C86A34 /* Main.storyboard */,
				11D6186A1EB16F0900C86A34 /* Assets.xcassets */,
				11D6186C1EB16F0900C86A34 /* LaunchScreen.storyboard */,
				11D6186F1EB16F0900C86A34 /* Info.plist */,
			);
			path = digitalScale;
			sourceTree = "<group>";
		};
/* End PBXGroup section */

/* Begin PBXNativeTarget section */
		11D6185F1EB16F0900C86A34 /* digitalScale */ = {
			isa = PBXNativeTarget;
			buildConfigurationList = 11D618721EB16F0900C86A34 /* Build configuration list for PBXNativeTarget "digitalScale" */;
			buildPhases = (
				11D6185C1EB16F0900C86A34 /* Sources */,
				11D6185D1EB16F0900C86A34 /* Frameworks */,
				11D6185E1EB16F0900C86A34 /* Resources */,
			);
			buildRules = (
			);
			dependencies = (
			);
			name = digitalScale;
			productName = digitalScale;
			productReference = 11D618601EB16F0900C86A34 /* digitalScale.app */;
			productType = "com.apple.product-type.application";
		};
/* End PBXNativeTarget section */

/* Begin PBXProject section */
		11D618581EB16F0900C86A34 /* Project object */ = {
			isa = PBXProject;
			attributes = {
				LastSwiftUpdateCheck = 0820;
				LastUpgradeCheck = 0820;
				ORGANIZATIONNAME = Szi;
				TargetAttributes = {
					11D6185F1EB16F0900C86A34 = {
						CreatedOnToolsVersion = 8.2.1;
						DevelopmentTeam = DASLK2R355;
						ProvisioningStyle = Automatic;
					};
				};
			};
			buildConfigurationList = 11D6185B1EB16F0900C86A34 /* Build configuration list for PBXProject "digitalScale" */;
			compatibilityVersion = "Xcode 3.2";
			developmentRegion = English;
			hasScannedForEncodings = 0;
			knownRegions = (
				en,
				Base,
			);
			mainGroup = 11D618571EB16F0900C86A34;
			productRefGroup = 11D618611EB16F0900C86A34 /* Products */;
			projectDirPath = "";
			projectRoot = "";
			targets = (
				11D6185F1EB16F0900C86A34 /* digitalScale */,
			);
		};
/* End PBXProject section */

/* Begin PBXResourcesBuildPhase section */
		11D6185E1EB16F0900C86A34 /* Resources */ = {
			isa = PBXResourcesBuildPhase;
			buildActionMask = 2147483647;
			files = (
				11D6186E1EB16F0900C86A34 /* LaunchScreen.storyboard in Resources */,
				11D6186B1EB16F0900C86A34 /* Assets.xcassets in Resources */,
				11D618691EB16F0900C86A34 /* Main.storyboard in Resources */,
			);
			runOnlyForDeploymentPostprocessing = 0;
		};
/* End PBXResourcesBuildPhase section */

/* Begin PBXSourcesBuildPhase section */
		11D6185C1EB16F0900C86A34 /* Sources */ = {
			isa = PBXSourcesBuildPhase;
			buildActionMask = 2147483647;
			files = (
				11D618661EB16F0900C86A34 /* ViewController.swift in Sources */,
				11D618641EB16F0900C86A34 /* AppDelegate.swift in Sources */,
			);
			runOnlyForDeploymentPostprocessing = 0;
		};
/* End PBXSourcesBuildPhase section */

/* Begin PBXVariantGroup section */
		11D618671EB16F0900C86A34 /* Main.storyboard */ = {
			isa = PBXVariantGroup;
			children = (
				11D618681EB16F0900C86A34 /* Base */,
			);
			name = Main.storyboard;
			sourceTree = "<group>";
		};
		11D6186C1EB16F0900C86A34 /* LaunchScreen.storyboard */ = {
			isa = PBXVariantGroup;
			children = (
				11D6186D1EB16F0900C86A34 /* Base */,
			);
			name = LaunchScreen.storyboard;
			sourceTree = "<group>";
		};
/* End PBXVariantGroup section */

/* Begin XCBuildConfiguration section */
		11D618701EB16F0900C86A34 /* Debug */ = {
			isa = XCBuildConfiguration;
			buildSettings = {
				ALWAYS_SEARCH_USER_PATHS = NO;
				CLANG_ANALYZER_NONNULL = YES;
				CLANG_CXX_LANGUAGE_STANDARD = "gnu++0x";
				CLANG_CXX_LIBRARY = "libc++";
				CLANG_ENABLE_MODULES = YES;
				CLANG_ENABLE_OBJC_ARC = YES;
				CLANG_WARN_BOOL_CONVERSION = YES;
				CLANG_WARN_CONSTANT_CONVERSION = YES;
				CLANG_WARN_DIRECT_OBJC_ISA_USAGE = YES_ERROR;
				CLANG_WARN_DOCUMENTATION_COMMENTS = YES;
				CLANG_WARN_EMPTY_BODY = YES;
				CLANG_WARN_ENUM_CONVERSION = YES;
				CLANG_WARN_INFINITE_RECURSION = YES;
				CLANG_WARN_INT_CONVERSION = YES;
				CLANG_WARN_OBJC_ROOT_CLASS = YES_ERROR;
				CLANG_WARN_SUSPICIOUS_MOVE = YES;
				CLANG_WARN_UNREACHABLE_CODE = YES;
				CLANG_WARN__DUPLICATE_METHOD_MATCH = YES;
				"CODE_SIGN_IDENTITY[sdk=iphoneos*]" = "iPhone Developer";
				COPY_PHASE_STRIP = NO;
				DEBUG_INFORMATION_FORMAT = dwarf;
				ENABLE_STRICT_OBJC_MSGSEND = YES;
				ENABLE_TESTABILITY = YES;
				GCC_C_LANGUAGE_STANDARD = gnu99;
				GCC_DYNAMIC_NO_PIC = NO;
				GCC_NO_COMMON_BLOCKS = YES;
				GCC_OPTIMIZATION_LEVEL = 0;
				GCC_PREPROCESSOR_DEFINITIONS = (
					"DEBUG=1",
					"$(inherited)",
				);
				GCC_WARN_64_TO_32_BIT_CONVERSION = YES;
				GCC_WARN_ABOUT_RETURN_TYPE = YES_ERROR;
				GCC_WARN_UNDECLARED_SELECTOR = YES;
				GCC_WARN_UNINITIALIZED_AUTOS = YES_AGGRESSIVE;
				GCC_WARN_UNUSED_FUNCTION = YES;
				GCC_WARN_UNUSED_VARIABLE = YES;
				IPHONEOS_DEPLOYMENT_TARGET = 10.2;
				MTL_ENABLE_DEBUG_INFO = YES;
				ONLY_ACTIVE_ARCH = YES;
				SDKROOT = iphoneos;
				SWIFT_ACTIVE_COMPILATION_CONDITIONS = DEBUG;
				SWIFT_OPTIMIZATION_LEVEL = "-Onone";
			};
			name = Debug;
		};
		11D618711EB16F0900C86A34 /* Release */ = {
			isa = XCBuildConfiguration;
			buildSettings = {
				ALWAYS_SEARCH_USER_PATHS = NO;
				CLANG_ANALYZER_NONNULL = YES;
				CLANG_CXX_LANGUAGE_STANDARD = "gnu++0x";
				CLANG_CXX_LIBRARY = "libc++";
				CLANG_ENABLE_MODULES = YES;
				CLANG_ENABLE_OBJC_ARC = YES;
				CLANG_WARN_BOOL_CONVERSION = YES;
				CLANG_WARN_CONSTANT_CONVERSION = YES;
				CLANG_WARN_DIRECT_OBJC_ISA_USAGE = YES_ERROR;
				CLANG_WARN_DOCUMENTATION_COMMENTS = YES;
				CLANG_WARN_EMPTY_BODY = YES;
				CLANG_WARN_ENUM_CONVERSION = YES;
				CLANG_WARN_INFINITE_RECURSION = YES;
				CLANG_WARN_INT_CONVERSION = YES;
				CLANG_WARN_OBJC_ROOT_CLASS = YES_ERROR;
				CLANG_WARN_SUSPICIOUS_MOVE = YES;
				CLANG_WARN_UNREACHABLE_CODE = YES;
				CLANG_WARN__DUPLICATE_METHOD_MATCH = YES;
				"CODE_SIGN_IDENTITY[sdk=iphoneos*]" = "iPhone Developer";
				COPY_PHASE_STRIP = NO;
				DEBUG_INFORMATION_FORMAT = "dwarf-with-dsym";
				ENABLE_NS_ASSERTIONS = NO;
				ENABLE_STRICT_OBJC_MSGSEND = YES;
				GCC_C_LANGUAGE_STANDARD = gnu99;
				GCC_NO_COMMON_BLOCKS = YES;
				GCC_WARN_64_TO_32_BIT_CONVERSION = YES;
				GCC_WARN_ABOUT_RETURN_TYPE = YES_ERROR;
				GCC_WARN_UNDECLARED_SELECTOR = YES;
				GCC_WARN_UNINITIALIZED_AUTOS = YES_AGGRESSIVE;
				GCC_WARN_UNUSED_FUNCTION = YES;
				GCC_WARN_UNUSED_VARIABLE = YES;
				IPHONEOS_DEPLOYMENT_TARGET = 10.2;
				MTL_ENABLE_DEBUG_INFO = NO;
				SDKROOT = iphoneos;
				SWIFT_OPTIMIZATION_LEVEL = "-Owholemodule";
				VALIDATE_PRODUCT = YES;
			};
			name = Release;
		};
		11D618731EB16F0900C86A34 /* Debug */ = {
			isa = XCBuildConfiguration;
			buildSettings = {
				ASSETCATALOG_COMPILER_APPICON_NAME = AppIcon;
				DEVELOPMENT_TEAM = DASLK2R355;
				INFOPLIST_FILE = digitalScale/Info.plist;
				LD_RUNPATH_SEARCH_PATHS = "$(inherited) @executable_path/Frameworks";
				PRODUCT_BUNDLE_IDENTIFIER = com.Szi.digitalScale;
				PRODUCT_NAME = "$(TARGET_NAME)";
				SWIFT_VERSION = 3.0;
			};
			name = Debug;
		};
		11D618741EB16F0900C86A34 /* Release */ = {
			isa = XCBuildConfiguration;
			buildSettings = {
				ASSETCATALOG_COMPILER_APPICON_NAME = AppIcon;
				DEVELOPMENT_TEAM = DASLK2R355;
				INFOPLIST_FILE = digitalScale/Info.plist;
				LD_RUNPATH_SEARCH_PATHS = "$(inherited) @executable_path/Frameworks";
				PRODUCT_BUNDLE_IDENTIFIER = com.Szi.digitalScale;
				PRODUCT_NAME = "$(TARGET_NAME)";
				SWIFT_VERSION = 3.0;
			};
			name = Release;
		};
/* End XCBuildConfiguration section */

/* Begin XCConfigurationList section */
		11D6185B1EB16F0900C86A34 /* Build configuration list for PBXProject "digitalScale" */ = {
			isa = XCConfigurationList;
			buildConfigurations = (
				11D618701EB16F0900C86A34 /* Debug */,
				11D618711EB16F0900C86A34 /* Release */,
			);
			defaultConfigurationIsVisible = 0;
			defaultConfigurationName = Release;
		};
		11D618721EB16F0900C86A34 /* Build configuration list for PBXNativeTarget "digitalScale" */ = {
			isa = XCConfigurationList;
			buildConfigurations = (
				11D618731EB16F0900C86A34 /* Debug */,
				11D618741EB16F0900C86A34 /* Release */,
			);
			defaultConfigurationIsVisible = 0;
		};
/* End XCConfigurationList section */
	};
	rootObject = 11D618581EB16F0900C86A34 /* Project object */;
}
